
Microsoft Visual Studio Solution File, Format Version 12.00
# Visual Studio 15
VisualStudioVersion = 15.0.26430.12
MinimumVisualStudioVersion = 10.0.40219.1
Project("{FAE04EC0-301F-11D3-BF4B-00C04F79EFBC}") = "DojoArtesMaciais", "DojoArtesMaciais\DojoArtesMaciais.csproj", "{77B61B9A-943D-45FB-A2BC-6B8775EADD33}"
EndProject
Global
	GlobalSection(SolutionConfigurationPlatforms) = preSolution
		Debug|Any CPU = Debug|Any CPU
		Release|Any CPU = Release|Any CPU
	EndGlobalSection
	GlobalSection(ProjectConfigurationPlatforms) = postSolution
		{77B61B9A-943D-45FB-A2BC-6B8775EADD33}.Debug|Any CPU.ActiveCfg = Debug|Any CPU
		{77B61B9A-943D-45FB-A2BC-6B8775EADD33}.Debug|Any CPU.Build.0 = Debug|Any CPU
		{77B61B9A-943D-45FB-A2BC-6B8775EADD33}.Release|Any CPU.ActiveCfg = Release|Any CPU
		{77B61B9A-943D-45FB-A2BC-6B8775EADD33}.Release|Any CPU.Build.0 = Release|Any CPU
	EndGlobalSection
	GlobalSection(SolutionProperties) = preSolution
		HideSolutionNode = FALSE
	EndGlobalSection
EndGlobal
